
Microsoft Visual Studio Solution File, Format Version 12.00
# Visual Studio Version 16
VisualStudioVersion = 16.0.31702.278
MinimumVisualStudioVersion = 10.0.40219.1
Project("{FAE04EC0-301F-11D3-BF4B-00C04F79EFBC}") = "JacWebShopAPI", "JacWebShopAPI\JacWebShopAPI.csproj", "{EDC422C3-FD76-4F85-9C91-BDA9D411F6C1}"
EndProject
Global
	GlobalSection(SolutionConfigurationPlatforms) = preSolution
		Debug|Any CPU = Debug|Any CPU
		Release|Any CPU = Release|Any CPU
	EndGlobalSection
	GlobalSection(ProjectConfigurationPlatforms) = postSolution
		{EDC422C3-FD76-4F85-9C91-BDA9D411F6C1}.Debug|Any CPU.ActiveCfg = Debug|Any CPU
		{EDC422C3-FD76-4F85-9C91-BDA9D411F6C1}.Debug|Any CPU.Build.0 = Debug|Any CPU
		{EDC422C3-FD76-4F85-9C91-BDA9D411F6C1}.Release|Any CPU.ActiveCfg = Release|Any CPU
		{EDC422C3-FD76-4F85-9C91-BDA9D411F6C1}.Release|Any CPU.Build.0 = Release|Any CPU
	EndGlobalSection
	GlobalSection(SolutionProperties) = preSolution
		HideSolutionNode = FALSE
	EndGlobalSection
	GlobalSection(ExtensibilityGlobals) = postSolution
		SolutionGuid = {6123B76F-7051-4030-9E50-FE283161F076}
	EndGlobalSection
EndGlobal
